
Microsoft Visual Studio Solution File, Format Version 11.00
# Visual Studio 2010
Project("{FAE04EC0-301F-11D3-BF4B-00C04F79EFBC}") = "SerialBootloaderDataSource", "SerialBootloaderDataSource\SerialBootloaderDataSource.csproj", "{CE5DBF4D-15BF-48B7-9ABD-836BAB76BBE6}"
EndProject
Global
	GlobalSection(SolutionConfigurationPlatforms) = preSolution
		Debug|Any CPU = Debug|Any CPU
		Release|Any CPU = Release|Any CPU
	EndGlobalSection
	GlobalSection(ProjectConfigurationPlatforms) = postSolution
		{CE5DBF4D-15BF-48B7-9ABD-836BAB76BBE6}.Debug|Any CPU.ActiveCfg = Debug|Any CPU
		{CE5DBF4D-15BF-48B7-9ABD-836BAB76BBE6}.Debug|Any CPU.Build.0 = Debug|Any CPU
		{CE5DBF4D-15BF-48B7-9ABD-836BAB76BBE6}.Release|Any CPU.ActiveCfg = Release|Any CPU
		{CE5DBF4D-15BF-48B7-9ABD-836BAB76BBE6}.Release|Any CPU.Build.0 = Release|Any CPU
	EndGlobalSection
	GlobalSection(SolutionProperties) = preSolution
		HideSolutionNode = FALSE
	EndGlobalSection
EndGlobal
